<?xml version="1.0" encoding="utf-8"?>
<Project ToolsVersion="4.0" xmlns="http://schemas.microsoft.com/developer/msbuild/2003">
  <ItemGroup>
    <ClCompile Include="MainWindow.cpp">
      <Filter>Source Files</Filter>
    </ClCompile>
    <ClCompile Include="GeneratedFiles\Debug\moc_MainWindow.cpp">
      <Filter>Generated Files\Debug</Filter>
    </ClCompile>
    <ClCompile Include="GeneratedFiles\Release\moc_MainWindow.cpp">
      <Filter>Generated Files\Release</Filter>
    </ClCompile>
    <ClCompile Include="GeneratedFiles\qrc_MainWindow.cpp">
      <Filter>Generated Files</Filter>
    </ClCompile>
    <ClCompile Include="main.cpp">
      <Filter>Source Files</Filter>
    </ClCompile>
    <ClCompile Include="Regression.cpp">
      <Filter>Source Files</Filter>
    </ClCompile>
    <ClCompile Include="CenterOperator.cpp">
      <Filter>Source Files\rule</Filter>
    </ClCompile>
    <ClCompile Include="ColorOperator.cpp">
      <Filter>Source Files\rule</Filter>
    </ClCompile>
    <ClCompile Include="CompOperator.cpp">
      <Filter>Source Files\rule</Filter>
    </ClCompile>
    <ClCompile Include="CopyOperator.cpp">
      <Filter>Source Files\rule</Filter>
    </ClCompile>
    <ClCompile Include="CornerCutOperator.cpp">
      <Filter>Source Files\rule</Filter>
    </ClCompile>
    <ClCompile Include="ExtrudeOperator.cpp">
      <Filter>Source Files\rule</Filter>
    </ClCompile>
    <ClCompile Include="InnerCircleOperator.cpp">
      <Filter>Source Files\rule</Filter>
    </ClCompile>
    <ClCompile Include="InnerSemiCircleOperator.cpp">
      <Filter>Source Files\rule</Filter>
    </ClCompile>
    <ClCompile Include="OffsetOperator.cpp">
      <Filter>Source Files\rule</Filter>
    </ClCompile>
    <ClCompile Include="RoofGableOperator.cpp">
      <Filter>Source Files\rule</Filter>
    </ClCompile>
    <ClCompile Include="RoofHipOperator.cpp">
      <Filter>Source Files\rule</Filter>
    </ClCompile>
    <ClCompile Include="RotateOperator.cpp">
      <Filter>Source Files\rule</Filter>
    </ClCompile>
    <ClCompile Include="SetupProjectionOperator.cpp">
      <Filter>Source Files\rule</Filter>
    </ClCompile>
    <ClCompile Include="ShapeLOperator.cpp">
      <Filter>Source Files\rule</Filter>
    </ClCompile>
    <ClCompile Include="SizeOperator.cpp">
      <Filter>Source Files\rule</Filter>
    </ClCompile>
    <ClCompile Include="SplitOperator.cpp">
      <Filter>Source Files\rule</Filter>
    </ClCompile>
    <ClCompile Include="TaperOperator.cpp">
      <Filter>Source Files\rule</Filter>
    </ClCompile>
    <ClCompile Include="TextureOperator.cpp">
      <Filter>Source Files\rule</Filter>
    </ClCompile>
    <ClCompile Include="TranslateOperator.cpp">
      <Filter>Source Files\rule</Filter>
    </ClCompile>
    <ClCompile Include="Grammar.cpp">
      <Filter>Source Files\rule</Filter>
    </ClCompile>
    <ClCompile Include="GrammarParser.cpp">
      <Filter>Source Files\rule</Filter>
    </ClCompile>
    <ClCompile Include="NumberEval.cpp">
      <Filter>Source Files\rule</Filter>
    </ClCompile>
    <ClCompile Include="OBJLoader.cpp">
      <Filter>Source Files\rule</Filter>
    </ClCompile>
    <ClCompile Include="Asset.cpp">
      <Filter>Source Files\shape</Filter>
    </ClCompile>
    <ClCompile Include="BoundingBox.cpp">
      <Filter>Source Files\shape</Filter>
    </ClCompile>
    <ClCompile Include="CGA.cpp">
      <Filter>Source Files\shape</Filter>
    </ClCompile>
    <ClCompile Include="Circle.cpp">
      <Filter>Source Files\shape</Filter>
    </ClCompile>
    <ClCompile Include="Cuboid.cpp">
      <Filter>Source Files\shape</Filter>
    </ClCompile>
    <ClCompile Include="Cylinder.cpp">
      <Filter>Source Files\shape</Filter>
    </ClCompile>
    <ClCompile Include="GableRoof.cpp">
      <Filter>Source Files\shape</Filter>
    </ClCompile>
    <ClCompile Include="GeneralObject.cpp">
      <Filter>Source Files\shape</Filter>
    </ClCompile>
    <ClCompile Include="HipRoof.cpp">
      <Filter>Source Files\shape</Filter>
    </ClCompile>
    <ClCompile Include="OffsetPolygon.cpp">
      <Filter>Source Files\shape</Filter>
    </ClCompile>
    <ClCompile Include="OffsetRectangle.cpp">
      <Filter>Source Files\shape</Filter>
    </ClCompile>
    <ClCompile Include="OffsetSemiCircle.cpp">
      <Filter>Source Files\shape</Filter>
    </ClCompile>
    <ClCompile Include="Polygon.cpp">
      <Filter>Source Files\shape</Filter>
    </ClCompile>
    <ClCompile Include="Prism.cpp">
      <Filter>Source Files\shape</Filter>
    </ClCompile>
    <ClCompile Include="Pyramid.cpp">
      <Filter>Source Files\shape</Filter>
    </ClCompile>
    <ClCompile Include="Rectangle.cpp">
      <Filter>Source Files\shape</Filter>
    </ClCompile>
    <ClCompile Include="SemiCircle.cpp">
      <Filter>Source Files\shape</Filter>
    </ClCompile>
    <ClCompile Include="Shape.cpp">
      <Filter>Source Files\shape</Filter>
    </ClCompile>
    <ClCompile Include="Camera.cpp">
      <Filter>Source Files</Filter>
    </ClCompile>
    <ClCompile Include="RenderManager.cpp">
      <Filter>Source Files</Filter>
    </ClCompile>
    <ClCompile Include="Shader.cpp">
      <Filter>Source Files</Filter>
    </ClCompile>
    <ClCompile Include="ShadowMapping.cpp">
      <Filter>Source Files</Filter>
    </ClCompile>
    <ClCompile Include="SketchyRenderingBuffer.cpp">
      <Filter>Source Files</Filter>
    </ClCompile>
    <ClCompile Include="GLWidget3D.cpp">
      <Filter>Source Files</Filter>
    </ClCompile>
    <ClCompile Include="GLUtils.cpp">
      <Filter>Source Files</Filter>
    </ClCompile>
    <ClCompile Include="InsertOperator.cpp">
      <Filter>Source Files\rule</Filter>
    </ClCompile>
    <ClCompile Include="ShapeLayer.cpp">
      <Filter>Source Files</Filter>
    </ClCompile>
  </ItemGroup>
  <ItemGroup>
    <Filter Include="Generated Files">
      <UniqueIdentifier>{71ED8ED8-ACB9-4CE9-BBE1-E00B30144E11}</UniqueIdentifier>
      <Extensions>moc;h;cpp</Extensions>
      <ParseFiles>true</ParseFiles>
    </Filter>
    <Filter Include="Form Files">
      <UniqueIdentifier>{99349809-55BA-4b9d-BF79-8FDBB0286EB3}</UniqueIdentifier>
      <Extensions>ui</Extensions>
      <ParseFiles>true</ParseFiles>
    </Filter>
    <Filter Include="Source Files">
      <UniqueIdentifier>{4FC737F1-C7A5-4376-A066-2A32D752A2FF}</UniqueIdentifier>
      <Extensions>cpp;cxx;c;def</Extensions>
      <ParseFiles>true</ParseFiles>
    </Filter>
    <Filter Include="Header Files">
      <UniqueIdentifier>{93995380-89BD-4b04-88EB-625FBE52EBFB}</UniqueIdentifier>
      <Extensions>h</Extensions>
      <ParseFiles>true</ParseFiles>
    </Filter>
    <Filter Include="Generated Files\Debug">
      <UniqueIdentifier>{56d4368c-04a2-463a-b533-53ec159f3b9f}</UniqueIdentifier>
      <Extensions>cpp;moc</Extensions>
      <SourceControlFiles>False</SourceControlFiles>
    </Filter>
    <Filter Include="Generated Files\Release">
      <UniqueIdentifier>{8a86657b-9f9e-49bf-b211-70c24ccc7d37}</UniqueIdentifier>
      <Extensions>cpp;moc</Extensions>
      <SourceControlFiles>False</SourceControlFiles>
    </Filter>
    <Filter Include="Resource Files">
      <UniqueIdentifier>{D9D6E242-F8AF-46E4-B9FD-80ECBC20BA3E}</UniqueIdentifier>
      <Extensions>qrc;*</Extensions>
      <ParseFiles>false</ParseFiles>
    </Filter>
    <Filter Include="Source Files\shader">
      <UniqueIdentifier>{20cfc96e-383e-4d68-b821-10d41e11ee31}</UniqueIdentifier>
    </Filter>
    <Filter Include="Source Files\shape">
      <UniqueIdentifier>{3b720dfe-ec9b-44e1-8143-d2a9d7e307c7}</UniqueIdentifier>
    </Filter>
    <Filter Include="Source Files\rule">
      <UniqueIdentifier>{9f210e6c-79c9-427d-bfe0-375ebd0a36a3}</UniqueIdentifier>
    </Filter>
  </ItemGroup>
  <ItemGroup>
    <CustomBuild Include="MainWindow.h">
      <Filter>Header Files</Filter>
    </CustomBuild>
    <CustomBuild Include="MainWindow.qrc">
      <Filter>Resource Files</Filter>
    </CustomBuild>
    <CustomBuild Include="MainWindow.ui">
      <Filter>Form Files</Filter>
    </CustomBuild>
  </ItemGroup>
  <ItemGroup>
    <ClInclude Include="GeneratedFiles\ui_MainWindow.h">
      <Filter>Generated Files</Filter>
    </ClInclude>
    <ClInclude Include="Regression.h">
      <Filter>Header Files</Filter>
    </ClInclude>
    <ClInclude Include="CenterOperator.h">
      <Filter>Source Files\rule</Filter>
    </ClInclude>
    <ClInclude Include="ColorOperator.h">
      <Filter>Source Files\rule</Filter>
    </ClInclude>
    <ClInclude Include="CompOperator.h">
      <Filter>Source Files\rule</Filter>
    </ClInclude>
    <ClInclude Include="CopyOperator.h">
      <Filter>Source Files\rule</Filter>
    </ClInclude>
    <ClInclude Include="CornerCutOperator.h">
      <Filter>Source Files\rule</Filter>
    </ClInclude>
    <ClInclude Include="ExtrudeOperator.h">
      <Filter>Source Files\rule</Filter>
    </ClInclude>
    <ClInclude Include="InnerCircleOperator.h">
      <Filter>Source Files\rule</Filter>
    </ClInclude>
    <ClInclude Include="InnerSemiCircleOperator.h">
      <Filter>Source Files\rule</Filter>
    </ClInclude>
    <ClInclude Include="OffsetOperator.h">
      <Filter>Source Files\rule</Filter>
    </ClInclude>
    <ClInclude Include="RoofGableOperator.h">
      <Filter>Source Files\rule</Filter>
    </ClInclude>
    <ClInclude Include="RoofHipOperator.h">
      <Filter>Source Files\rule</Filter>
    </ClInclude>
    <ClInclude Include="RotateOperator.h">
      <Filter>Source Files\rule</Filter>
    </ClInclude>
    <ClInclude Include="SetupProjectionOperator.h">
      <Filter>Source Files\rule</Filter>
    </ClInclude>
    <ClInclude Include="ShapeLOperator.h">
      <Filter>Source Files\rule</Filter>
    </ClInclude>
    <ClInclude Include="SizeOperator.h">
      <Filter>Source Files\rule</Filter>
    </ClInclude>
    <ClInclude Include="SplitOperator.h">
      <Filter>Source Files\rule</Filter>
    </ClInclude>
    <ClInclude Include="TaperOperator.h">
      <Filter>Source Files\rule</Filter>
    </ClInclude>
    <ClInclude Include="TextureOperator.h">
      <Filter>Source Files\rule</Filter>
    </ClInclude>
    <ClInclude Include="TranslateOperator.h">
      <Filter>Source Files\rule</Filter>
    </ClInclude>
    <ClInclude Include="Grammar.h">
      <Filter>Source Files\rule</Filter>
    </ClInclude>
    <ClInclude Include="GrammarParser.h">
      <Filter>Source Files\rule</Filter>
    </ClInclude>
    <ClInclude Include="NumberEval.h">
      <Filter>Source Files\rule</Filter>
    </ClInclude>
    <ClInclude Include="OBJLoader.h">
      <Filter>Source Files\rule</Filter>
    </ClInclude>
    <ClInclude Include="Asset.h">
      <Filter>Source Files\shape</Filter>
    </ClInclude>
    <ClInclude Include="BoundingBox.h">
      <Filter>Source Files\shape</Filter>
    </ClInclude>
    <ClInclude Include="CGA.h">
      <Filter>Source Files\shape</Filter>
    </ClInclude>
    <ClInclude Include="Circle.h">
      <Filter>Source Files\shape</Filter>
    </ClInclude>
    <ClInclude Include="Cuboid.h">
      <Filter>Source Files\shape</Filter>
    </ClInclude>
    <ClInclude Include="Cylinder.h">
      <Filter>Source Files\shape</Filter>
    </ClInclude>
    <ClInclude Include="GableRoof.h">
      <Filter>Source Files\shape</Filter>
    </ClInclude>
    <ClInclude Include="GeneralObject.h">
      <Filter>Source Files\shape</Filter>
    </ClInclude>
    <ClInclude Include="HipRoof.h">
      <Filter>Source Files\shape</Filter>
    </ClInclude>
    <ClInclude Include="OffsetPolygon.h">
      <Filter>Source Files\shape</Filter>
    </ClInclude>
    <ClInclude Include="OffsetRectangle.h">
      <Filter>Source Files\shape</Filter>
    </ClInclude>
    <ClInclude Include="OffsetSemiCircle.h">
      <Filter>Source Files\shape</Filter>
    </ClInclude>
    <ClInclude Include="Polygon.h">
      <Filter>Source Files\shape</Filter>
    </ClInclude>
    <ClInclude Include="Prism.h">
      <Filter>Source Files\shape</Filter>
    </ClInclude>
    <ClInclude Include="Pyramid.h">
      <Filter>Source Files\shape</Filter>
    </ClInclude>
    <ClInclude Include="Rectangle.h">
      <Filter>Source Files\shape</Filter>
    </ClInclude>
    <ClInclude Include="SemiCircle.h">
      <Filter>Source Files\shape</Filter>
    </ClInclude>
    <ClInclude Include="Shape.h">
      <Filter>Source Files\shape</Filter>
    </ClInclude>
    <ClInclude Include="Camera.h">
      <Filter>Header Files</Filter>
    </ClInclude>
    <ClInclude Include="RenderManager.h">
      <Filter>Header Files</Filter>
    </ClInclude>
    <ClInclude Include="Shader.h">
      <Filter>Header Files</Filter>
    </ClInclude>
    <ClInclude Include="ShadowMapping.h">
      <Filter>Header Files</Filter>
    </ClInclude>
    <ClInclude Include="SketchyRenderingBuffer.h">
      <Filter>Header Files</Filter>
    </ClInclude>
    <ClInclude Include="Vertex.h">
      <Filter>Header Files</Filter>
    </ClInclude>
    <ClInclude Include="GLUtils.h">
      <Filter>Header Files</Filter>
    </ClInclude>
    <ClInclude Include="GLWidget3D.h">
      <Filter>Header Files</Filter>
    </ClInclude>
    <ClInclude Include="InsertOperator.h">
      <Filter>Source Files\rule</Filter>
    </ClInclude>
    <ClInclude Include="ShapeLayer.h">
      <Filter>Header Files</Filter>
    </ClInclude>
  </ItemGroup>
  <ItemGroup>
    <None Include="..\shaders\fragment.glsl">
      <Filter>Source Files\shader</Filter>
    </None>
    <None Include="..\shaders\geometry.glsl">
      <Filter>Source Files\shader</Filter>
    </None>
    <None Include="..\shaders\vertex.glsl">
      <Filter>Source Files\shader</Filter>
    </None>
  </ItemGroup>
</Project>